
Microsoft Visual Studio Solution File, Format Version 12.00
# Visual Studio Version 16
VisualStudioVersion = 16.0.30413.136
MinimumVisualStudioVersion = 10.0.40219.1
Project("{9A19103F-16F7-4668-BE54-9A1E7A4F7556}") = "SudokuUnitTests", "SudokuUnitTests\SudokuUnitTests.csproj", "{7CF28301-0421-44E9-9DB4-12CC68F96C68}"
EndProject
Project("{9A19103F-16F7-4668-BE54-9A1E7A4F7556}") = "Sudoku", "Sudoku\Sudoku.csproj", "{456F40A7-3C0A-4B0B-A23F-41AFEC01C421}"
EndProject
Global
	GlobalSection(SolutionConfigurationPlatforms) = preSolution
		Debug|Any CPU = Debug|Any CPU
		Release|Any CPU = Release|Any CPU
	EndGlobalSection
	GlobalSection(ProjectConfigurationPlatforms) = postSolution
		{7CF28301-0421-44E9-9DB4-12CC68F96C68}.Debug|Any CPU.ActiveCfg = Debug|Any CPU
		{7CF28301-0421-44E9-9DB4-12CC68F96C68}.Debug|Any CPU.Build.0 = Debug|Any CPU
		{7CF28301-0421-44E9-9DB4-12CC68F96C68}.Release|Any CPU.ActiveCfg = Release|Any CPU
		{7CF28301-0421-44E9-9DB4-12CC68F96C68}.Release|Any CPU.Build.0 = Release|Any CPU
		{456F40A7-3C0A-4B0B-A23F-41AFEC01C421}.Debug|Any CPU.ActiveCfg = Debug|Any CPU
		{456F40A7-3C0A-4B0B-A23F-41AFEC01C421}.Debug|Any CPU.Build.0 = Debug|Any CPU
		{456F40A7-3C0A-4B0B-A23F-41AFEC01C421}.Release|Any CPU.ActiveCfg = Release|Any CPU
		{456F40A7-3C0A-4B0B-A23F-41AFEC01C421}.Release|Any CPU.Build.0 = Release|Any CPU
	EndGlobalSection
	GlobalSection(SolutionProperties) = preSolution
		HideSolutionNode = FALSE
	EndGlobalSection
	GlobalSection(ExtensibilityGlobals) = postSolution
		SolutionGuid = {2C5FF803-6DE9-4C1C-ABB8-F39BCE8987CD}
	EndGlobalSection
EndGlobal
